
Microsoft Visual Studio Solution File, Format Version 12.00
# Visual Studio Version 16
VisualStudioVersion = 16.0.810.25
MinimumVisualStudioVersion = 10.0.40219.1
Project("{FAE04EC0-301F-11D3-BF4B-00C04F79EFBC}") = "TheOldRobot", "Part2-ObjectOrientedProgramming\TheOldRobot\TheOldRobot.csproj", "{990AD07E-8FD1-42A1-9295-85DDA56ABAAE}"
EndProject
Project("{FAE04EC0-301F-11D3-BF4B-00C04F79EFBC}") = "Bread", "Part1-TheBasics\Bread\Bread.csproj", "{FAF96521-ED50-4A1C-B58E-20597C210B82}"
EndProject
Project("{FAE04EC0-301F-11D3-BF4B-00C04F79EFBC}") = "BuyingInventory", "Part1-TheBasics\BuyingInventory\BuyingInventory.csproj", "{6B8F982C-6A5F-44B4-9AD5-E269CB73312E}"
EndProject
Project("{FAE04EC0-301F-11D3-BF4B-00C04F79EFBC}") = "Clocktower", "Part1-TheBasics\Clocktower\Clocktower.csproj", "{103AB8E5-6738-4C42-9C23-B9DBCE21B3A6}"
EndProject
Project("{2150E333-8FDC-42A3-9474-1A3956D46DE8}") = "Part1-TheBasics", "Part1-TheBasics", "{8D43636B-9CF0-4D45-A7B3-6B651BD7E9D6}"
EndProject
Project("{2150E333-8FDC-42A3-9474-1A3956D46DE8}") = "Part2-ObjectOrientedProgramming", "Part2-ObjectOrientedProgramming", "{26BA22ED-BA79-47C6-BCDF-18FB8D422925}"
EndProject
Project("{FAE04EC0-301F-11D3-BF4B-00C04F79EFBC}") = "Countdown", "Part1-TheBasics\Countdown\Countdown.csproj", "{D6C3314F-2694-43A6-9D10-ACE5660B3FD9}"
EndProject
Project("{FAE04EC0-301F-11D3-BF4B-00C04F79EFBC}") = "DefenceOfConsolas", "Part1-TheBasics\DefenceOfConsolas\DefenceOfConsolas.csproj", "{6EBDD329-2983-41F1-A816-6BD5696BE3BF}"
EndProject
Project("{FAE04EC0-301F-11D3-BF4B-00C04F79EFBC}") = "DiscountedInventory", "Part1-TheBasics\DiscountedInventory\DiscountedInventory.csproj", "{C9A1A5A4-5046-431F-AE76-CE13080EBB6E}"
EndProject
Project("{FAE04EC0-301F-11D3-BF4B-00C04F79EFBC}") = "HelloWorld", "Part1-TheBasics\HelloWorld\HelloWorld.csproj", "{91E74223-3F0A-4759-8E50-11F9A918E9C4}"
EndProject
Project("{FAE04EC0-301F-11D3-BF4B-00C04F79EFBC}") = "DominionOfKings", "Part1-TheBasics\DominionOfKings\DominionOfKings.csproj", "{8E055EB0-4483-49FF-BA03-07B91299DD22}"
EndProject
Project("{FAE04EC0-301F-11D3-BF4B-00C04F79EFBC}") = "FourSisters", "Part1-TheBasics\FourSisters\FourSisters.csproj", "{98B0A884-6794-406D-B3E5-C8F02180AC9F}"
EndProject
Project("{FAE04EC0-301F-11D3-BF4B-00C04F79EFBC}") = "HuntingTheManticore", "Part1-TheBasics\HuntingTheManticore\HuntingTheManticore.csproj", "{277FAC6D-B19C-4163-9A74-46AEC402A4A3}"
EndProject
Project("{FAE04EC0-301F-11D3-BF4B-00C04F79EFBC}") = "TakingANumber", "Part1-TheBasics\TakingANumber\TakingANumber.csproj", "{DE8E0813-70F9-4B48-B4A5-108839D07071}"
EndProject
Project("{FAE04EC0-301F-11D3-BF4B-00C04F79EFBC}") = "TheLawsOfFreach", "Part1-TheBasics\TheLawsOfFreach\TheLawsOfFreach.csproj", "{C6660D28-D7B7-4696-97CF-6AE10C0BFCB9}"
EndProject
Project("{FAE04EC0-301F-11D3-BF4B-00C04F79EFBC}") = "TheMagicCannon", "Part1-TheBasics\TheMagicCannon\TheMagicCannon.csproj", "{D4AF6486-1126-4C3C-B977-7EAF7211D626}"
EndProject
Project("{FAE04EC0-301F-11D3-BF4B-00C04F79EFBC}") = "ThePrototype", "Part1-TheBasics\ThePrototype\ThePrototype.csproj", "{8F4D0229-5359-4FB1-923C-3C332CFCF614}"
EndProject
Project("{FAE04EC0-301F-11D3-BF4B-00C04F79EFBC}") = "TheReplicatorOfDTo", "Part1-TheBasics\TheReplicatorOfDTo\TheReplicatorOfDTo.csproj", "{06E44FCE-0FEB-4803-AF77-8DE54636441E}"
EndProject
Project("{FAE04EC0-301F-11D3-BF4B-00C04F79EFBC}") = "TheTriangleFarmer", "Part1-TheBasics\TheTriangleFarmer\TheTriangleFarmer.csproj", "{8D2DFC37-F419-459C-ABAA-2FE71A623B8D}"
EndProject
Project("{FAE04EC0-301F-11D3-BF4B-00C04F79EFBC}") = "ThingNamer", "Part1-TheBasics\ThingNamer\ThingNamer.csproj", "{C6325483-01E1-4CC7-9B44-EE7B334E7056}"
EndProject
Project("{FAE04EC0-301F-11D3-BF4B-00C04F79EFBC}") = "VariableShop", "Part1-TheBasics\VariableShop\VariableShop.csproj", "{F78D6BBE-D207-4519-AFB5-2ADC9E941454}"
EndProject
Project("{FAE04EC0-301F-11D3-BF4B-00C04F79EFBC}") = "WatchTower", "Part1-TheBasics\WatchTower\WatchTower.csproj", "{A7A6D31B-D947-4E57-B058-75324C3FC591}"
EndProject
Project("{FAE04EC0-301F-11D3-BF4B-00C04F79EFBC}") = "ArrowFactories", "Part2-ObjectOrientedProgramming\ArrowFactories\ArrowFactories.csproj", "{62ACE117-F26A-4F6C-887A-38AEDBEB02C0}"
EndProject
Project("{FAE04EC0-301F-11D3-BF4B-00C04F79EFBC}") = "Helper", "Part2-ObjectOrientedProgramming\Helper\Helper.csproj", "{4342974F-4577-4AC8-86FC-91C73792A259}"
EndProject
Project("{FAE04EC0-301F-11D3-BF4B-00C04F79EFBC}") = "LabellingInventory", "Part2-ObjectOrientedProgramming\LabellingInventory\LabellingInventory.csproj", "{90B12E2F-641D-4E86-8527-A052650165B9}"
EndProject
Project("{FAE04EC0-301F-11D3-BF4B-00C04F79EFBC}") = "SimulasSoups", "Part2-ObjectOrientedProgramming\SimulasSoups\SimulasSoups.csproj", "{7C30ADAE-9DCB-4204-B117-3F7CCE01E528}"
EndProject
Project("{FAE04EC0-301F-11D3-BF4B-00C04F79EFBC}") = "SimulasTest", "Part2-ObjectOrientedProgramming\SimulasTest\SimulasTest.csproj", "{0A8AD75F-F18F-48B3-AEDF-AC061695BA2B}"
EndProject
Project("{FAE04EC0-301F-11D3-BF4B-00C04F79EFBC}") = "TheCard", "Part2-ObjectOrientedProgramming\TheCard\TheCard.csproj", "{7A600E28-F2C5-46B5-A3BE-F7B94B202C99}"
EndProject
Project("{FAE04EC0-301F-11D3-BF4B-00C04F79EFBC}") = "TheColour", "Part2-ObjectOrientedProgramming\TheColour\TheColour.csproj", "{3776F0F2-8140-40A2-8FD5-5AD6D2A71B75}"
EndProject
Project("{FAE04EC0-301F-11D3-BF4B-00C04F79EFBC}") = "TheLockedDoor", "Part2-ObjectOrientedProgramming\TheLockedDoor\TheLockedDoor.csproj", "{831D91EA-B59C-42A8-AE56-7D60270BC703}"
EndProject
Project("{FAE04EC0-301F-11D3-BF4B-00C04F79EFBC}") = "ThePasswordValidator", "Part2-ObjectOrientedProgramming\ThePasswordValidator\ThePasswordValidator.csproj", "{5BD16DCF-1D1E-45AB-B66D-5B7F3422430E}"
EndProject
Project("{FAE04EC0-301F-11D3-BF4B-00C04F79EFBC}") = "ThePoint", "Part2-ObjectOrientedProgramming\ThePoint\ThePoint.csproj", "{848EAF52-5BCF-460F-8C31-B8A882F7106C}"
EndProject
Project("{FAE04EC0-301F-11D3-BF4B-00C04F79EFBC}") = "ThePropertyOfArrows", "Part2-ObjectOrientedProgramming\ThePropertyOfArrows\ThePropertyOfArrows.csproj", "{5FBCCCFC-736C-4F97-B6C9-1600E33D29A7}"
EndProject
Project("{FAE04EC0-301F-11D3-BF4B-00C04F79EFBC}") = "VinFletchersArrows", "Part2-ObjectOrientedProgramming\VinFletchersArrows\VinFletchersArrows.csproj", "{58E14611-76B5-45A5-9519-12E059604C52}"
EndProject
Project("{FAE04EC0-301F-11D3-BF4B-00C04F79EFBC}") = "VinsTrouble", "Part2-ObjectOrientedProgramming\VinsTrouble\VinsTrouble.csproj", "{E9312096-DD7A-453A-81B1-DDCD74591256}"
EndProject
Project("{FAE04EC0-301F-11D3-BF4B-00C04F79EFBC}") = "PackingInventory", "Part2-ObjectOrientedProgramming\PackingInventory\PackingInventory.csproj", "{0F058332-990A-4BA9-8F25-1B0C6440831B}"
EndProject
Project("{FAE04EC0-301F-11D3-BF4B-00C04F79EFBC}") = "TicTacToe", "Part2-ObjectOrientedProgramming\TicTacToe\TicTacToe.csproj", "{89599BCE-8666-4287-978A-33D9E33DA0F7}"
EndProject
Project("{FAE04EC0-301F-11D3-BF4B-00C04F79EFBC}") = "RoboticInterface", "Part2-ObjectOrientedProgramming\RoboticInterface\RoboticInterface.csproj", "{CAB4452F-4E8B-4D46-82DB-DDA33D82689C}"
EndProject
Project("{FAE04EC0-301F-11D3-BF4B-00C04F79EFBC}") = "RoomCoordinates", "Part2-ObjectOrientedProgramming\RoomCoordinates\RoomCoordinates.csproj", "{6582FC99-9C1C-4FD8-AA87-67771344CADF}"
EndProject
Project("{FAE04EC0-301F-11D3-BF4B-00C04F79EFBC}") = "WarPreparations", "Part2-ObjectOrientedProgramming\WarPreparations\WarPreparations.csproj", "{307358BE-E0DB-40CF-808C-5BF647FE5724}"
EndProject
Project("{FAE04EC0-301F-11D3-BF4B-00C04F79EFBC}") = "ColouredItems", "Part2-ObjectOrientedProgramming\ColouredItems\ColouredItems.csproj", "{42317B4A-9C45-4FCB-A5FC-FDDE2A929B52}"
EndProject
Project("{FAE04EC0-301F-11D3-BF4B-00C04F79EFBC}") = "TheFountainOfObjects", "Part2-ObjectOrientedProgramming\TheFountainOfObjects\TheFountainOfObjects.csproj", "{4C4FE5BB-E010-4D8C-9EA2-EFD660DF71D0}"
EndProject
Project("{2150E333-8FDC-42A3-9474-1A3956D46DE8}") = "Part3-AdvancedTopics", "Part3-AdvancedTopics", "{7DFD1A79-6EC4-3439-49A5-A0CA22EA4CBE}"
EndProject
Project("{FAE04EC0-301F-11D3-BF4B-00C04F79EFBC}") = "TheFeud", "Part3-AdvancedTopics\TheFeud\TheFeud.csproj", "{371135A7-9229-4224-81E0-CC4C2A12AC43}"
EndProject
Project("{FAE04EC0-301F-11D3-BF4B-00C04F79EFBC}") = "SafeNumberCrunching", "Part3-AdvancedTopics\SafeNumberCrunching\SafeNumberCrunching.csproj", "{CFEF8E39-73B9-49E6-B382-FE9F423ABD21}"
EndProject
Project("{FAE04EC0-301F-11D3-BF4B-00C04F79EFBC}") = "BetterRandom", "Part3-AdvancedTopics\BetterRandom\BetterRandom.csproj", "{7BC33B28-E42E-4B24-83A0-ED304B8B9062}"
EndProject
Project("{FAE04EC0-301F-11D3-BF4B-00C04F79EFBC}") = "ExceptisGame", "Part3-AdvancedTopics\ExceptisGame\ExceptisGame.csproj", "{7B5A91BD-EF5D-4986-80F7-C87F49CCD22E}"
EndProject
Project("{FAE04EC0-301F-11D3-BF4B-00C04F79EFBC}") = "TheSieve", "Part3-AdvancedTopics\TheSieve\TheSieve.csproj", "{EF044896-B0FE-4E99-BCF3-670DB433874D}"
EndProject
Project("{FAE04EC0-301F-11D3-BF4B-00C04F79EFBC}") = "TheAutomaticTreeHarvester", "Part3-AdvancedTopics\TheAutomaticTreeHarvester\TheAutomaticTreeHarvester.csproj", "{3B53F5FF-E563-48FB-AB65-F05E059CB090}"
EndProject
Project("{FAE04EC0-301F-11D3-BF4B-00C04F79EFBC}") = "TheLongGame", "Part3-AdvancedTopics\TheLongGame\TheLongGame.csproj", "{8513652A-A495-4F78-8A04-D0A6A1FD0A12}"
EndProject
Project("{FAE04EC0-301F-11D3-BF4B-00C04F79EFBC}") = "ThePotionMastersOfPattren", "Part3-AdvancedTopics\ThePotionMastersOfPattren\ThePotionMastersOfPattren.csproj", "{D72A470D-3B6B-4EF7-97A0-1A53BB2540A1}"
EndProject
Project("{FAE04EC0-301F-11D3-BF4B-00C04F79EFBC}") = "NavigatingOperandCity", "Part3-AdvancedTopics\NavigatingOperandCity\NavigatingOperandCity.csproj", "{9BA9183E-A295-4854-821D-B60DCC41C871}"
EndProject
Global
	GlobalSection(SolutionConfigurationPlatforms) = preSolution
		Debug|Any CPU = Debug|Any CPU
		Debug|x64 = Debug|x64
		Debug|x86 = Debug|x86
		Release|Any CPU = Release|Any CPU
		Release|x64 = Release|x64
		Release|x86 = Release|x86
	EndGlobalSection
	GlobalSection(ProjectConfigurationPlatforms) = postSolution
		{990AD07E-8FD1-42A1-9295-85DDA56ABAAE}.Debug|Any CPU.ActiveCfg = Debug|Any CPU
		{990AD07E-8FD1-42A1-9295-85DDA56ABAAE}.Debug|Any CPU.Build.0 = Debug|Any CPU
		{990AD07E-8FD1-42A1-9295-85DDA56ABAAE}.Debug|x64.ActiveCfg = Debug|Any CPU
		{990AD07E-8FD1-42A1-9295-85DDA56ABAAE}.Debug|x64.Build.0 = Debug|Any CPU
		{990AD07E-8FD1-42A1-9295-85DDA56ABAAE}.Debug|x86.ActiveCfg = Debug|Any CPU
		{990AD07E-8FD1-42A1-9295-85DDA56ABAAE}.Debug|x86.Build.0 = Debug|Any CPU
		{990AD07E-8FD1-42A1-9295-85DDA56ABAAE}.Release|Any CPU.ActiveCfg = Release|Any CPU
		{990AD07E-8FD1-42A1-9295-85DDA56ABAAE}.Release|Any CPU.Build.0 = Release|Any CPU
		{990AD07E-8FD1-42A1-9295-85DDA56ABAAE}.Release|x64.ActiveCfg = Release|Any CPU
		{990AD07E-8FD1-42A1-9295-85DDA56ABAAE}.Release|x64.Build.0 = Release|Any CPU
		{990AD07E-8FD1-42A1-9295-85DDA56ABAAE}.Release|x86.ActiveCfg = Release|Any CPU
		{990AD07E-8FD1-42A1-9295-85DDA56ABAAE}.Release|x86.Build.0 = Release|Any CPU
		{FAF96521-ED50-4A1C-B58E-20597C210B82}.Debug|Any CPU.ActiveCfg = Debug|Any CPU
		{FAF96521-ED50-4A1C-B58E-20597C210B82}.Debug|Any CPU.Build.0 = Debug|Any CPU
		{FAF96521-ED50-4A1C-B58E-20597C210B82}.Debug|x64.ActiveCfg = Debug|Any CPU
		{FAF96521-ED50-4A1C-B58E-20597C210B82}.Debug|x64.Build.0 = Debug|Any CPU
		{FAF96521-ED50-4A1C-B58E-20597C210B82}.Debug|x86.ActiveCfg = Debug|Any CPU
		{FAF96521-ED50-4A1C-B58E-20597C210B82}.Debug|x86.Build.0 = Debug|Any CPU
		{FAF96521-ED50-4A1C-B58E-20597C210B82}.Release|Any CPU.ActiveCfg = Release|Any CPU
		{FAF96521-ED50-4A1C-B58E-20597C210B82}.Release|Any CPU.Build.0 = Release|Any CPU
		{FAF96521-ED50-4A1C-B58E-20597C210B82}.Release|x64.ActiveCfg = Release|Any CPU
		{FAF96521-ED50-4A1C-B58E-20597C210B82}.Release|x64.Build.0 = Release|Any CPU
		{FAF96521-ED50-4A1C-B58E-20597C210B82}.Release|x86.ActiveCfg = Release|Any CPU
		{FAF96521-ED50-4A1C-B58E-20597C210B82}.Release|x86.Build.0 = Release|Any CPU
		{6B8F982C-6A5F-44B4-9AD5-E269CB73312E}.Debug|Any CPU.ActiveCfg = Debug|Any CPU
		{6B8F982C-6A5F-44B4-9AD5-E269CB73312E}.Debug|Any CPU.Build.0 = Debug|Any CPU
		{6B8F982C-6A5F-44B4-9AD5-E269CB73312E}.Debug|x64.ActiveCfg = Debug|Any CPU
		{6B8F982C-6A5F-44B4-9AD5-E269CB73312E}.Debug|x64.Build.0 = Debug|Any CPU
		{6B8F982C-6A5F-44B4-9AD5-E269CB73312E}.Debug|x86.ActiveCfg = Debug|Any CPU
		{6B8F982C-6A5F-44B4-9AD5-E269CB73312E}.Debug|x86.Build.0 = Debug|Any CPU
		{6B8F982C-6A5F-44B4-9AD5-E269CB73312E}.Release|Any CPU.ActiveCfg = Release|Any CPU
		{6B8F982C-6A5F-44B4-9AD5-E269CB73312E}.Release|Any CPU.Build.0 = Release|Any CPU
		{6B8F982C-6A5F-44B4-9AD5-E269CB73312E}.Release|x64.ActiveCfg = Release|Any CPU
		{6B8F982C-6A5F-44B4-9AD5-E269CB73312E}.Release|x64.Build.0 = Release|Any CPU
		{6B8F982C-6A5F-44B4-9AD5-E269CB73312E}.Release|x86.ActiveCfg = Release|Any CPU
		{6B8F982C-6A5F-44B4-9AD5-E269CB73312E}.Release|x86.Build.0 = Release|Any CPU
		{103AB8E5-6738-4C42-9C23-B9DBCE21B3A6}.Debug|Any CPU.ActiveCfg = Debug|Any CPU
		{103AB8E5-6738-4C42-9C23-B9DBCE21B3A6}.Debug|Any CPU.Build.0 = Debug|Any CPU
		{103AB8E5-6738-4C42-9C23-B9DBCE21B3A6}.Debug|x64.ActiveCfg = Debug|Any CPU
		{103AB8E5-6738-4C42-9C23-B9DBCE21B3A6}.Debug|x64.Build.0 = Debug|Any CPU
		{103AB8E5-6738-4C42-9C23-B9DBCE21B3A6}.Debug|x86.ActiveCfg = Debug|Any CPU
		{103AB8E5-6738-4C42-9C23-B9DBCE21B3A6}.Debug|x86.Build.0 = Debug|Any CPU
		{103AB8E5-6738-4C42-9C23-B9DBCE21B3A6}.Release|Any CPU.ActiveCfg = Release|Any CPU
		{103AB8E5-6738-4C42-9C23-B9DBCE21B3A6}.Release|Any CPU.Build.0 = Release|Any CPU
		{103AB8E5-6738-4C42-9C23-B9DBCE21B3A6}.Release|x64.ActiveCfg = Release|Any CPU
		{103AB8E5-6738-4C42-9C23-B9DBCE21B3A6}.Release|x64.Build.0 = Release|Any CPU
		{103AB8E5-6738-4C42-9C23-B9DBCE21B3A6}.Release|x86.ActiveCfg = Release|Any CPU
		{103AB8E5-6738-4C42-9C23-B9DBCE21B3A6}.Release|x86.Build.0 = Release|Any CPU
		{D6C3314F-2694-43A6-9D10-ACE5660B3FD9}.Debug|Any CPU.ActiveCfg = Debug|Any CPU
		{D6C3314F-2694-43A6-9D10-ACE5660B3FD9}.Debug|Any CPU.Build.0 = Debug|Any CPU
		{D6C3314F-2694-43A6-9D10-ACE5660B3FD9}.Debug|x64.ActiveCfg = Debug|Any CPU
		{D6C3314F-2694-43A6-9D10-ACE5660B3FD9}.Debug|x64.Build.0 = Debug|Any CPU
		{D6C3314F-2694-43A6-9D10-ACE5660B3FD9}.Debug|x86.ActiveCfg = Debug|Any CPU
		{D6C3314F-2694-43A6-9D10-ACE5660B3FD9}.Debug|x86.Build.0 = Debug|Any CPU
		{D6C3314F-2694-43A6-9D10-ACE5660B3FD9}.Release|Any CPU.ActiveCfg = Release|Any CPU
		{D6C3314F-2694-43A6-9D10-ACE5660B3FD9}.Release|Any CPU.Build.0 = Release|Any CPU
		{D6C3314F-2694-43A6-9D10-ACE5660B3FD9}.Release|x64.ActiveCfg = Release|Any CPU
		{D6C3314F-2694-43A6-9D10-ACE5660B3FD9}.Release|x64.Build.0 = Release|Any CPU
		{D6C3314F-2694-43A6-9D10-ACE5660B3FD9}.Release|x86.ActiveCfg = Release|Any CPU
		{D6C3314F-2694-43A6-9D10-ACE5660B3FD9}.Release|x86.Build.0 = Release|Any CPU
		{6EBDD329-2983-41F1-A816-6BD5696BE3BF}.Debug|Any CPU.ActiveCfg = Debug|Any CPU
		{6EBDD329-2983-41F1-A816-6BD5696BE3BF}.Debug|Any CPU.Build.0 = Debug|Any CPU
		{6EBDD329-2983-41F1-A816-6BD5696BE3BF}.Debug|x64.ActiveCfg = Debug|Any CPU
		{6EBDD329-2983-41F1-A816-6BD5696BE3BF}.Debug|x64.Build.0 = Debug|Any CPU
		{6EBDD329-2983-41F1-A816-6BD5696BE3BF}.Debug|x86.ActiveCfg = Debug|Any CPU
		{6EBDD329-2983-41F1-A816-6BD5696BE3BF}.Debug|x86.Build.0 = Debug|Any CPU
		{6EBDD329-2983-41F1-A816-6BD5696BE3BF}.Release|Any CPU.ActiveCfg = Release|Any CPU
		{6EBDD329-2983-41F1-A816-6BD5696BE3BF}.Release|Any CPU.Build.0 = Release|Any CPU
		{6EBDD329-2983-41F1-A816-6BD5696BE3BF}.Release|x64.ActiveCfg = Release|Any CPU
		{6EBDD329-2983-41F1-A816-6BD5696BE3BF}.Release|x64.Build.0 = Release|Any CPU
		{6EBDD329-2983-41F1-A816-6BD5696BE3BF}.Release|x86.ActiveCfg = Release|Any CPU
		{6EBDD329-2983-41F1-A816-6BD5696BE3BF}.Release|x86.Build.0 = Release|Any CPU
		{C9A1A5A4-5046-431F-AE76-CE13080EBB6E}.Debug|Any CPU.ActiveCfg = Debug|Any CPU
		{C9A1A5A4-5046-431F-AE76-CE13080EBB6E}.Debug|Any CPU.Build.0 = Debug|Any CPU
		{C9A1A5A4-5046-431F-AE76-CE13080EBB6E}.Debug|x64.ActiveCfg = Debug|Any CPU
		{C9A1A5A4-5046-431F-AE76-CE13080EBB6E}.Debug|x64.Build.0 = Debug|Any CPU
		{C9A1A5A4-5046-431F-AE76-CE13080EBB6E}.Debug|x86.ActiveCfg = Debug|Any CPU
		{C9A1A5A4-5046-431F-AE76-CE13080EBB6E}.Debug|x86.Build.0 = Debug|Any CPU
		{C9A1A5A4-5046-431F-AE76-CE13080EBB6E}.Release|Any CPU.ActiveCfg = Release|Any CPU
		{C9A1A5A4-5046-431F-AE76-CE13080EBB6E}.Release|Any CPU.Build.0 = Release|Any CPU
		{C9A1A5A4-5046-431F-AE76-CE13080EBB6E}.Release|x64.ActiveCfg = Release|Any CPU
		{C9A1A5A4-5046-431F-AE76-CE13080EBB6E}.Release|x64.Build.0 = Release|Any CPU
		{C9A1A5A4-5046-431F-AE76-CE13080EBB6E}.Release|x86.ActiveCfg = Release|Any CPU
		{C9A1A5A4-5046-431F-AE76-CE13080EBB6E}.Release|x86.Build.0 = Release|Any CPU
		{91E74223-3F0A-4759-8E50-11F9A918E9C4}.Debug|Any CPU.ActiveCfg = Debug|Any CPU
		{91E74223-3F0A-4759-8E50-11F9A918E9C4}.Debug|Any CPU.Build.0 = Debug|Any CPU
		{91E74223-3F0A-4759-8E50-11F9A918E9C4}.Debug|x64.ActiveCfg = Debug|Any CPU
		{91E74223-3F0A-4759-8E50-11F9A918E9C4}.Debug|x64.Build.0 = Debug|Any CPU
		{91E74223-3F0A-4759-8E50-11F9A918E9C4}.Debug|x86.ActiveCfg = Debug|Any CPU
		{91E74223-3F0A-4759-8E50-11F9A918E9C4}.Debug|x86.Build.0 = Debug|Any CPU
		{91E74223-3F0A-4759-8E50-11F9A918E9C4}.Release|Any CPU.ActiveCfg = Release|Any CPU
		{91E74223-3F0A-4759-8E50-11F9A918E9C4}.Release|Any CPU.Build.0 = Release|Any CPU
		{91E74223-3F0A-4759-8E50-11F9A918E9C4}.Release|x64.ActiveCfg = Release|Any CPU
		{91E74223-3F0A-4759-8E50-11F9A918E9C4}.Release|x64.Build.0 = Release|Any CPU
		{91E74223-3F0A-4759-8E50-11F9A918E9C4}.Release|x86.ActiveCfg = Release|Any CPU
		{91E74223-3F0A-4759-8E50-11F9A918E9C4}.Release|x86.Build.0 = Release|Any CPU
		{8E055EB0-4483-49FF-BA03-07B91299DD22}.Debug|Any CPU.ActiveCfg = Debug|Any CPU
		{8E055EB0-4483-49FF-BA03-07B91299DD22}.Debug|Any CPU.Build.0 = Debug|Any CPU
		{8E055EB0-4483-49FF-BA03-07B91299DD22}.Debug|x64.ActiveCfg = Debug|Any CPU
		{8E055EB0-4483-49FF-BA03-07B91299DD22}.Debug|x64.Build.0 = Debug|Any CPU
		{8E055EB0-4483-49FF-BA03-07B91299DD22}.Debug|x86.ActiveCfg = Debug|Any CPU
		{8E055EB0-4483-49FF-BA03-07B91299DD22}.Debug|x86.Build.0 = Debug|Any CPU
		{8E055EB0-4483-49FF-BA03-07B91299DD22}.Release|Any CPU.ActiveCfg = Release|Any CPU
		{8E055EB0-4483-49FF-BA03-07B91299DD22}.Release|Any CPU.Build.0 = Release|Any CPU
		{8E055EB0-4483-49FF-BA03-07B91299DD22}.Release|x64.ActiveCfg = Release|Any CPU
		{8E055EB0-4483-49FF-BA03-07B91299DD22}.Release|x64.Build.0 = Release|Any CPU
		{8E055EB0-4483-49FF-BA03-07B91299DD22}.Release|x86.ActiveCfg = Release|Any CPU
		{8E055EB0-4483-49FF-BA03-07B91299DD22}.Release|x86.Build.0 = Release|Any CPU
		{98B0A884-6794-406D-B3E5-C8F02180AC9F}.Debug|Any CPU.ActiveCfg = Debug|Any CPU
		{98B0A884-6794-406D-B3E5-C8F02180AC9F}.Debug|Any CPU.Build.0 = Debug|Any CPU
		{98B0A884-6794-406D-B3E5-C8F02180AC9F}.Debug|x64.ActiveCfg = Debug|Any CPU
		{98B0A884-6794-406D-B3E5-C8F02180AC9F}.Debug|x64.Build.0 = Debug|Any CPU
		{98B0A884-6794-406D-B3E5-C8F02180AC9F}.Debug|x86.ActiveCfg = Debug|Any CPU
		{98B0A884-6794-406D-B3E5-C8F02180AC9F}.Debug|x86.Build.0 = Debug|Any CPU
		{98B0A884-6794-406D-B3E5-C8F02180AC9F}.Release|Any CPU.ActiveCfg = Release|Any CPU
		{98B0A884-6794-406D-B3E5-C8F02180AC9F}.Release|Any CPU.Build.0 = Release|Any CPU
		{98B0A884-6794-406D-B3E5-C8F02180AC9F}.Release|x64.ActiveCfg = Release|Any CPU
		{98B0A884-6794-406D-B3E5-C8F02180AC9F}.Release|x64.Build.0 = Release|Any CPU
		{98B0A884-6794-406D-B3E5-C8F02180AC9F}.Release|x86.ActiveCfg = Release|Any CPU
		{98B0A884-6794-406D-B3E5-C8F02180AC9F}.Release|x86.Build.0 = Release|Any CPU
		{277FAC6D-B19C-4163-9A74-46AEC402A4A3}.Debug|Any CPU.ActiveCfg = Debug|Any CPU
		{277FAC6D-B19C-4163-9A74-46AEC402A4A3}.Debug|Any CPU.Build.0 = Debug|Any CPU
		{277FAC6D-B19C-4163-9A74-46AEC402A4A3}.Debug|x64.ActiveCfg = Debug|Any CPU
		{277FAC6D-B19C-4163-9A74-46AEC402A4A3}.Debug|x64.Build.0 = Debug|Any CPU
		{277FAC6D-B19C-4163-9A74-46AEC402A4A3}.Debug|x86.ActiveCfg = Debug|Any CPU
		{277FAC6D-B19C-4163-9A74-46AEC402A4A3}.Debug|x86.Build.0 = Debug|Any CPU
		{277FAC6D-B19C-4163-9A74-46AEC402A4A3}.Release|Any CPU.ActiveCfg = Release|Any CPU
		{277FAC6D-B19C-4163-9A74-46AEC402A4A3}.Release|Any CPU.Build.0 = Release|Any CPU
		{277FAC6D-B19C-4163-9A74-46AEC402A4A3}.Release|x64.ActiveCfg = Release|Any CPU
		{277FAC6D-B19C-4163-9A74-46AEC402A4A3}.Release|x64.Build.0 = Release|Any CPU
		{277FAC6D-B19C-4163-9A74-46AEC402A4A3}.Release|x86.ActiveCfg = Release|Any CPU
		{277FAC6D-B19C-4163-9A74-46AEC402A4A3}.Release|x86.Build.0 = Release|Any CPU
		{DE8E0813-70F9-4B48-B4A5-108839D07071}.Debug|Any CPU.ActiveCfg = Debug|Any CPU
		{DE8E0813-70F9-4B48-B4A5-108839D07071}.Debug|Any CPU.Build.0 = Debug|Any CPU
		{DE8E0813-70F9-4B48-B4A5-108839D07071}.Debug|x64.ActiveCfg = Debug|Any CPU
		{DE8E0813-70F9-4B48-B4A5-108839D07071}.Debug|x64.Build.0 = Debug|Any CPU
		{DE8E0813-70F9-4B48-B4A5-108839D07071}.Debug|x86.ActiveCfg = Debug|Any CPU
		{DE8E0813-70F9-4B48-B4A5-108839D07071}.Debug|x86.Build.0 = Debug|Any CPU
		{DE8E0813-70F9-4B48-B4A5-108839D07071}.Release|Any CPU.ActiveCfg = Release|Any CPU
		{DE8E0813-70F9-4B48-B4A5-108839D07071}.Release|Any CPU.Build.0 = Release|Any CPU
		{DE8E0813-70F9-4B48-B4A5-108839D07071}.Release|x64.ActiveCfg = Release|Any CPU
		{DE8E0813-70F9-4B48-B4A5-108839D07071}.Release|x64.Build.0 = Release|Any CPU
		{DE8E0813-70F9-4B48-B4A5-108839D07071}.Release|x86.ActiveCfg = Release|Any CPU
		{DE8E0813-70F9-4B48-B4A5-108839D07071}.Release|x86.Build.0 = Release|Any CPU
		{C6660D28-D7B7-4696-97CF-6AE10C0BFCB9}.Debug|Any CPU.ActiveCfg = Debug|Any CPU
		{C6660D28-D7B7-4696-97CF-6AE10C0BFCB9}.Debug|Any CPU.Build.0 = Debug|Any CPU
		{C6660D28-D7B7-4696-97CF-6AE10C0BFCB9}.Debug|x64.ActiveCfg = Debug|Any CPU
		{C6660D28-D7B7-4696-97CF-6AE10C0BFCB9}.Debug|x64.Build.0 = Debug|Any CPU
		{C6660D28-D7B7-4696-97CF-6AE10C0BFCB9}.Debug|x86.ActiveCfg = Debug|Any CPU
		{C6660D28-D7B7-4696-97CF-6AE10C0BFCB9}.Debug|x86.Build.0 = Debug|Any CPU
		{C6660D28-D7B7-4696-97CF-6AE10C0BFCB9}.Release|Any CPU.ActiveCfg = Release|Any CPU
		{C6660D28-D7B7-4696-97CF-6AE10C0BFCB9}.Release|Any CPU.Build.0 = Release|Any CPU
		{C6660D28-D7B7-4696-97CF-6AE10C0BFCB9}.Release|x64.ActiveCfg = Release|Any CPU
		{C6660D28-D7B7-4696-97CF-6AE10C0BFCB9}.Release|x64.Build.0 = Release|Any CPU
		{C6660D28-D7B7-4696-97CF-6AE10C0BFCB9}.Release|x86.ActiveCfg = Release|Any CPU
		{C6660D28-D7B7-4696-97CF-6AE10C0BFCB9}.Release|x86.Build.0 = Release|Any CPU
		{D4AF6486-1126-4C3C-B977-7EAF7211D626}.Debug|Any CPU.ActiveCfg = Debug|Any CPU
		{D4AF6486-1126-4C3C-B977-7EAF7211D626}.Debug|Any CPU.Build.0 = Debug|Any CPU
		{D4AF6486-1126-4C3C-B977-7EAF7211D626}.Debug|x64.ActiveCfg = Debug|Any CPU
		{D4AF6486-1126-4C3C-B977-7EAF7211D626}.Debug|x64.Build.0 = Debug|Any CPU
		{D4AF6486-1126-4C3C-B977-7EAF7211D626}.Debug|x86.ActiveCfg = Debug|Any CPU
		{D4AF6486-1126-4C3C-B977-7EAF7211D626}.Debug|x86.Build.0 = Debug|Any CPU
		{D4AF6486-1126-4C3C-B977-7EAF7211D626}.Release|Any CPU.ActiveCfg = Release|Any CPU
		{D4AF6486-1126-4C3C-B977-7EAF7211D626}.Release|Any CPU.Build.0 = Release|Any CPU
		{D4AF6486-1126-4C3C-B977-7EAF7211D626}.Release|x64.ActiveCfg = Release|Any CPU
		{D4AF6486-1126-4C3C-B977-7EAF7211D626}.Release|x64.Build.0 = Release|Any CPU
		{D4AF6486-1126-4C3C-B977-7EAF7211D626}.Release|x86.ActiveCfg = Release|Any CPU
		{D4AF6486-1126-4C3C-B977-7EAF7211D626}.Release|x86.Build.0 = Release|Any CPU
		{8F4D0229-5359-4FB1-923C-3C332CFCF614}.Debug|Any CPU.ActiveCfg = Debug|Any CPU
		{8F4D0229-5359-4FB1-923C-3C332CFCF614}.Debug|Any CPU.Build.0 = Debug|Any CPU
		{8F4D0229-5359-4FB1-923C-3C332CFCF614}.Debug|x64.ActiveCfg = Debug|Any CPU
		{8F4D0229-5359-4FB1-923C-3C332CFCF614}.Debug|x64.Build.0 = Debug|Any CPU
		{8F4D0229-5359-4FB1-923C-3C332CFCF614}.Debug|x86.ActiveCfg = Debug|Any CPU
		{8F4D0229-5359-4FB1-923C-3C332CFCF614}.Debug|x86.Build.0 = Debug|Any CPU
		{8F4D0229-5359-4FB1-923C-3C332CFCF614}.Release|Any CPU.ActiveCfg = Release|Any CPU
		{8F4D0229-5359-4FB1-923C-3C332CFCF614}.Release|Any CPU.Build.0 = Release|Any CPU
		{8F4D0229-5359-4FB1-923C-3C332CFCF614}.Release|x64.ActiveCfg = Release|Any CPU
		{8F4D0229-5359-4FB1-923C-3C332CFCF614}.Release|x64.Build.0 = Release|Any CPU
		{8F4D0229-5359-4FB1-923C-3C332CFCF614}.Release|x86.ActiveCfg = Release|Any CPU
		{8F4D0229-5359-4FB1-923C-3C332CFCF614}.Release|x86.Build.0 = Release|Any CPU
		{06E44FCE-0FEB-4803-AF77-8DE54636441E}.Debug|Any CPU.ActiveCfg = Debug|Any CPU
		{06E44FCE-0FEB-4803-AF77-8DE54636441E}.Debug|Any CPU.Build.0 = Debug|Any CPU
		{06E44FCE-0FEB-4803-AF77-8DE54636441E}.Debug|x64.ActiveCfg = Debug|Any CPU
		{06E44FCE-0FEB-4803-AF77-8DE54636441E}.Debug|x64.Build.0 = Debug|Any CPU
		{06E44FCE-0FEB-4803-AF77-8DE54636441E}.Debug|x86.ActiveCfg = Debug|Any CPU
		{06E44FCE-0FEB-4803-AF77-8DE54636441E}.Debug|x86.Build.0 = Debug|Any CPU
		{06E44FCE-0FEB-4803-AF77-8DE54636441E}.Release|Any CPU.ActiveCfg = Release|Any CPU
		{06E44FCE-0FEB-4803-AF77-8DE54636441E}.Release|Any CPU.Build.0 = Release|Any CPU
		{06E44FCE-0FEB-4803-AF77-8DE54636441E}.Release|x64.ActiveCfg = Release|Any CPU
		{06E44FCE-0FEB-4803-AF77-8DE54636441E}.Release|x64.Build.0 = Release|Any CPU
		{06E44FCE-0FEB-4803-AF77-8DE54636441E}.Release|x86.ActiveCfg = Release|Any CPU
		{06E44FCE-0FEB-4803-AF77-8DE54636441E}.Release|x86.Build.0 = Release|Any CPU
		{8D2DFC37-F419-459C-ABAA-2FE71A623B8D}.Debug|Any CPU.ActiveCfg = Debug|Any CPU
		{8D2DFC37-F419-459C-ABAA-2FE71A623B8D}.Debug|Any CPU.Build.0 = Debug|Any CPU
		{8D2DFC37-F419-459C-ABAA-2FE71A623B8D}.Debug|x64.ActiveCfg = Debug|Any CPU
		{8D2DFC37-F419-459C-ABAA-2FE71A623B8D}.Debug|x64.Build.0 = Debug|Any CPU
		{8D2DFC37-F419-459C-ABAA-2FE71A623B8D}.Debug|x86.ActiveCfg = Debug|Any CPU
		{8D2DFC37-F419-459C-ABAA-2FE71A623B8D}.Debug|x86.Build.0 = Debug|Any CPU
		{8D2DFC37-F419-459C-ABAA-2FE71A623B8D}.Release|Any CPU.ActiveCfg = Release|Any CPU
		{8D2DFC37-F419-459C-ABAA-2FE71A623B8D}.Release|Any CPU.Build.0 = Release|Any CPU
		{8D2DFC37-F419-459C-ABAA-2FE71A623B8D}.Release|x64.ActiveCfg = Release|Any CPU
		{8D2DFC37-F419-459C-ABAA-2FE71A623B8D}.Release|x64.Build.0 = Release|Any CPU
		{8D2DFC37-F419-459C-ABAA-2FE71A623B8D}.Release|x86.ActiveCfg = Release|Any CPU
		{8D2DFC37-F419-459C-ABAA-2FE71A623B8D}.Release|x86.Build.0 = Release|Any CPU
		{C6325483-01E1-4CC7-9B44-EE7B334E7056}.Debug|Any CPU.ActiveCfg = Debug|Any CPU
		{C6325483-01E1-4CC7-9B44-EE7B334E7056}.Debug|Any CPU.Build.0 = Debug|Any CPU
		{C6325483-01E1-4CC7-9B44-EE7B334E7056}.Debug|x64.ActiveCfg = Debug|Any CPU
		{C6325483-01E1-4CC7-9B44-EE7B334E7056}.Debug|x64.Build.0 = Debug|Any CPU
		{C6325483-01E1-4CC7-9B44-EE7B334E7056}.Debug|x86.ActiveCfg = Debug|Any CPU
		{C6325483-01E1-4CC7-9B44-EE7B334E7056}.Debug|x86.Build.0 = Debug|Any CPU
		{C6325483-01E1-4CC7-9B44-EE7B334E7056}.Release|Any CPU.ActiveCfg = Release|Any CPU
		{C6325483-01E1-4CC7-9B44-EE7B334E7056}.Release|Any CPU.Build.0 = Release|Any CPU
		{C6325483-01E1-4CC7-9B44-EE7B334E7056}.Release|x64.ActiveCfg = Release|Any CPU
		{C6325483-01E1-4CC7-9B44-EE7B334E7056}.Release|x64.Build.0 = Release|Any CPU
		{C6325483-01E1-4CC7-9B44-EE7B334E7056}.Release|x86.ActiveCfg = Release|Any CPU
		{C6325483-01E1-4CC7-9B44-EE7B334E7056}.Release|x86.Build.0 = Release|Any CPU
		{F78D6BBE-D207-4519-AFB5-2ADC9E941454}.Debug|Any CPU.ActiveCfg = Debug|Any CPU
		{F78D6BBE-D207-4519-AFB5-2ADC9E941454}.Debug|Any CPU.Build.0 = Debug|Any CPU
		{F78D6BBE-D207-4519-AFB5-2ADC9E941454}.Debug|x64.ActiveCfg = Debug|Any CPU
		{F78D6BBE-D207-4519-AFB5-2ADC9E941454}.Debug|x64.Build.0 = Debug|Any CPU
		{F78D6BBE-D207-4519-AFB5-2ADC9E941454}.Debug|x86.ActiveCfg = Debug|Any CPU
		{F78D6BBE-D207-4519-AFB5-2ADC9E941454}.Debug|x86.Build.0 = Debug|Any CPU
		{F78D6BBE-D207-4519-AFB5-2ADC9E941454}.Release|Any CPU.ActiveCfg = Release|Any CPU
		{F78D6BBE-D207-4519-AFB5-2ADC9E941454}.Release|Any CPU.Build.0 = Release|Any CPU
		{F78D6BBE-D207-4519-AFB5-2ADC9E941454}.Release|x64.ActiveCfg = Release|Any CPU
		{F78D6BBE-D207-4519-AFB5-2ADC9E941454}.Release|x64.Build.0 = Release|Any CPU
		{F78D6BBE-D207-4519-AFB5-2ADC9E941454}.Release|x86.ActiveCfg = Release|Any CPU
		{F78D6BBE-D207-4519-AFB5-2ADC9E941454}.Release|x86.Build.0 = Release|Any CPU
		{A7A6D31B-D947-4E57-B058-75324C3FC591}.Debug|Any CPU.ActiveCfg = Debug|Any CPU
		{A7A6D31B-D947-4E57-B058-75324C3FC591}.Debug|Any CPU.Build.0 = Debug|Any CPU
		{A7A6D31B-D947-4E57-B058-75324C3FC591}.Debug|x64.ActiveCfg = Debug|Any CPU
		{A7A6D31B-D947-4E57-B058-75324C3FC591}.Debug|x64.Build.0 = Debug|Any CPU
		{A7A6D31B-D947-4E57-B058-75324C3FC591}.Debug|x86.ActiveCfg = Debug|Any CPU
		{A7A6D31B-D947-4E57-B058-75324C3FC591}.Debug|x86.Build.0 = Debug|Any CPU
		{A7A6D31B-D947-4E57-B058-75324C3FC591}.Release|Any CPU.ActiveCfg = Release|Any CPU
		{A7A6D31B-D947-4E57-B058-75324C3FC591}.Release|Any CPU.Build.0 = Release|Any CPU
		{A7A6D31B-D947-4E57-B058-75324C3FC591}.Release|x64.ActiveCfg = Release|Any CPU
		{A7A6D31B-D947-4E57-B058-75324C3FC591}.Release|x64.Build.0 = Release|Any CPU
		{A7A6D31B-D947-4E57-B058-75324C3FC591}.Release|x86.ActiveCfg = Release|Any CPU
		{A7A6D31B-D947-4E57-B058-75324C3FC591}.Release|x86.Build.0 = Release|Any CPU
		{62ACE117-F26A-4F6C-887A-38AEDBEB02C0}.Debug|Any CPU.ActiveCfg = Debug|Any CPU
		{62ACE117-F26A-4F6C-887A-38AEDBEB02C0}.Debug|Any CPU.Build.0 = Debug|Any CPU
		{62ACE117-F26A-4F6C-887A-38AEDBEB02C0}.Debug|x64.ActiveCfg = Debug|Any CPU
		{62ACE117-F26A-4F6C-887A-38AEDBEB02C0}.Debug|x64.Build.0 = Debug|Any CPU
		{62ACE117-F26A-4F6C-887A-38AEDBEB02C0}.Debug|x86.ActiveCfg = Debug|Any CPU
		{62ACE117-F26A-4F6C-887A-38AEDBEB02C0}.Debug|x86.Build.0 = Debug|Any CPU
		{62ACE117-F26A-4F6C-887A-38AEDBEB02C0}.Release|Any CPU.ActiveCfg = Release|Any CPU
		{62ACE117-F26A-4F6C-887A-38AEDBEB02C0}.Release|Any CPU.Build.0 = Release|Any CPU
		{62ACE117-F26A-4F6C-887A-38AEDBEB02C0}.Release|x64.ActiveCfg = Release|Any CPU
		{62ACE117-F26A-4F6C-887A-38AEDBEB02C0}.Release|x64.Build.0 = Release|Any CPU
		{62ACE117-F26A-4F6C-887A-38AEDBEB02C0}.Release|x86.ActiveCfg = Release|Any CPU
		{62ACE117-F26A-4F6C-887A-38AEDBEB02C0}.Release|x86.Build.0 = Release|Any CPU
		{4342974F-4577-4AC8-86FC-91C73792A259}.Debug|Any CPU.ActiveCfg = Debug|Any CPU
		{4342974F-4577-4AC8-86FC-91C73792A259}.Debug|Any CPU.Build.0 = Debug|Any CPU
		{4342974F-4577-4AC8-86FC-91C73792A259}.Debug|x64.ActiveCfg = Debug|Any CPU
		{4342974F-4577-4AC8-86FC-91C73792A259}.Debug|x64.Build.0 = Debug|Any CPU
		{4342974F-4577-4AC8-86FC-91C73792A259}.Debug|x86.ActiveCfg = Debug|Any CPU
		{4342974F-4577-4AC8-86FC-91C73792A259}.Debug|x86.Build.0 = Debug|Any CPU
		{4342974F-4577-4AC8-86FC-91C73792A259}.Release|Any CPU.ActiveCfg = Release|Any CPU
		{4342974F-4577-4AC8-86FC-91C73792A259}.Release|Any CPU.Build.0 = Release|Any CPU
		{4342974F-4577-4AC8-86FC-91C73792A259}.Release|x64.ActiveCfg = Release|Any CPU
		{4342974F-4577-4AC8-86FC-91C73792A259}.Release|x64.Build.0 = Release|Any CPU
		{4342974F-4577-4AC8-86FC-91C73792A259}.Release|x86.ActiveCfg = Release|Any CPU
		{4342974F-4577-4AC8-86FC-91C73792A259}.Release|x86.Build.0 = Release|Any CPU
		{90B12E2F-641D-4E86-8527-A052650165B9}.Debug|Any CPU.ActiveCfg = Debug|Any CPU
		{90B12E2F-641D-4E86-8527-A052650165B9}.Debug|Any CPU.Build.0 = Debug|Any CPU
		{90B12E2F-641D-4E86-8527-A052650165B9}.Debug|x64.ActiveCfg = Debug|Any CPU
		{90B12E2F-641D-4E86-8527-A052650165B9}.Debug|x64.Build.0 = Debug|Any CPU
		{90B12E2F-641D-4E86-8527-A052650165B9}.Debug|x86.ActiveCfg = Debug|Any CPU
		{90B12E2F-641D-4E86-8527-A052650165B9}.Debug|x86.Build.0 = Debug|Any CPU
		{90B12E2F-641D-4E86-8527-A052650165B9}.Release|Any CPU.ActiveCfg = Release|Any CPU
		{90B12E2F-641D-4E86-8527-A052650165B9}.Release|Any CPU.Build.0 = Release|Any CPU
		{90B12E2F-641D-4E86-8527-A052650165B9}.Release|x64.ActiveCfg = Release|Any CPU
		{90B12E2F-641D-4E86-8527-A052650165B9}.Release|x64.Build.0 = Release|Any CPU
		{90B12E2F-641D-4E86-8527-A052650165B9}.Release|x86.ActiveCfg = Release|Any CPU
		{90B12E2F-641D-4E86-8527-A052650165B9}.Release|x86.Build.0 = Release|Any CPU
		{7C30ADAE-9DCB-4204-B117-3F7CCE01E528}.Debug|Any CPU.ActiveCfg = Debug|Any CPU
		{7C30ADAE-9DCB-4204-B117-3F7CCE01E528}.Debug|Any CPU.Build.0 = Debug|Any CPU
		{7C30ADAE-9DCB-4204-B117-3F7CCE01E528}.Debug|x64.ActiveCfg = Debug|Any CPU
		{7C30ADAE-9DCB-4204-B117-3F7CCE01E528}.Debug|x64.Build.0 = Debug|Any CPU
		{7C30ADAE-9DCB-4204-B117-3F7CCE01E528}.Debug|x86.ActiveCfg = Debug|Any CPU
		{7C30ADAE-9DCB-4204-B117-3F7CCE01E528}.Debug|x86.Build.0 = Debug|Any CPU
		{7C30ADAE-9DCB-4204-B117-3F7CCE01E528}.Release|Any CPU.ActiveCfg = Release|Any CPU
		{7C30ADAE-9DCB-4204-B117-3F7CCE01E528}.Release|Any CPU.Build.0 = Release|Any CPU
		{7C30ADAE-9DCB-4204-B117-3F7CCE01E528}.Release|x64.ActiveCfg = Release|Any CPU
		{7C30ADAE-9DCB-4204-B117-3F7CCE01E528}.Release|x64.Build.0 = Release|Any CPU
		{7C30ADAE-9DCB-4204-B117-3F7CCE01E528}.Release|x86.ActiveCfg = Release|Any CPU
		{7C30ADAE-9DCB-4204-B117-3F7CCE01E528}.Release|x86.Build.0 = Release|Any CPU
		{0A8AD75F-F18F-48B3-AEDF-AC061695BA2B}.Debug|Any CPU.ActiveCfg = Debug|Any CPU
		{0A8AD75F-F18F-48B3-AEDF-AC061695BA2B}.Debug|Any CPU.Build.0 = Debug|Any CPU
		{0A8AD75F-F18F-48B3-AEDF-AC061695BA2B}.Debug|x64.ActiveCfg = Debug|Any CPU
		{0A8AD75F-F18F-48B3-AEDF-AC061695BA2B}.Debug|x64.Build.0 = Debug|Any CPU
		{0A8AD75F-F18F-48B3-AEDF-AC061695BA2B}.Debug|x86.ActiveCfg = Debug|Any CPU
		{0A8AD75F-F18F-48B3-AEDF-AC061695BA2B}.Debug|x86.Build.0 = Debug|Any CPU
		{0A8AD75F-F18F-48B3-AEDF-AC061695BA2B}.Release|Any CPU.ActiveCfg = Release|Any CPU
		{0A8AD75F-F18F-48B3-AEDF-AC061695BA2B}.Release|Any CPU.Build.0 = Release|Any CPU
		{0A8AD75F-F18F-48B3-AEDF-AC061695BA2B}.Release|x64.ActiveCfg = Release|Any CPU
		{0A8AD75F-F18F-48B3-AEDF-AC061695BA2B}.Release|x64.Build.0 = Release|Any CPU
		{0A8AD75F-F18F-48B3-AEDF-AC061695BA2B}.Release|x86.ActiveCfg = Release|Any CPU
		{0A8AD75F-F18F-48B3-AEDF-AC061695BA2B}.Release|x86.Build.0 = Release|Any CPU
		{7A600E28-F2C5-46B5-A3BE-F7B94B202C99}.Debug|Any CPU.ActiveCfg = Debug|Any CPU
		{7A600E28-F2C5-46B5-A3BE-F7B94B202C99}.Debug|Any CPU.Build.0 = Debug|Any CPU
		{7A600E28-F2C5-46B5-A3BE-F7B94B202C99}.Debug|x64.ActiveCfg = Debug|Any CPU
		{7A600E28-F2C5-46B5-A3BE-F7B94B202C99}.Debug|x64.Build.0 = Debug|Any CPU
		{7A600E28-F2C5-46B5-A3BE-F7B94B202C99}.Debug|x86.ActiveCfg = Debug|Any CPU
		{7A600E28-F2C5-46B5-A3BE-F7B94B202C99}.Debug|x86.Build.0 = Debug|Any CPU
		{7A600E28-F2C5-46B5-A3BE-F7B94B202C99}.Release|Any CPU.ActiveCfg = Release|Any CPU
		{7A600E28-F2C5-46B5-A3BE-F7B94B202C99}.Release|Any CPU.Build.0 = Release|Any CPU
		{7A600E28-F2C5-46B5-A3BE-F7B94B202C99}.Release|x64.ActiveCfg = Release|Any CPU
		{7A600E28-F2C5-46B5-A3BE-F7B94B202C99}.Release|x64.Build.0 = Release|Any CPU
		{7A600E28-F2C5-46B5-A3BE-F7B94B202C99}.Release|x86.ActiveCfg = Release|Any CPU
		{7A600E28-F2C5-46B5-A3BE-F7B94B202C99}.Release|x86.Build.0 = Release|Any CPU
		{3776F0F2-8140-40A2-8FD5-5AD6D2A71B75}.Debug|Any CPU.ActiveCfg = Debug|Any CPU
		{3776F0F2-8140-40A2-8FD5-5AD6D2A71B75}.Debug|Any CPU.Build.0 = Debug|Any CPU
		{3776F0F2-8140-40A2-8FD5-5AD6D2A71B75}.Debug|x64.ActiveCfg = Debug|Any CPU
		{3776F0F2-8140-40A2-8FD5-5AD6D2A71B75}.Debug|x64.Build.0 = Debug|Any CPU
		{3776F0F2-8140-40A2-8FD5-5AD6D2A71B75}.Debug|x86.ActiveCfg = Debug|Any CPU
		{3776F0F2-8140-40A2-8FD5-5AD6D2A71B75}.Debug|x86.Build.0 = Debug|Any CPU
		{3776F0F2-8140-40A2-8FD5-5AD6D2A71B75}.Release|Any CPU.ActiveCfg = Release|Any CPU
		{3776F0F2-8140-40A2-8FD5-5AD6D2A71B75}.Release|Any CPU.Build.0 = Release|Any CPU
		{3776F0F2-8140-40A2-8FD5-5AD6D2A71B75}.Release|x64.ActiveCfg = Release|Any CPU
		{3776F0F2-8140-40A2-8FD5-5AD6D2A71B75}.Release|x64.Build.0 = Release|Any CPU
		{3776F0F2-8140-40A2-8FD5-5AD6D2A71B75}.Release|x86.ActiveCfg = Release|Any CPU
		{3776F0F2-8140-40A2-8FD5-5AD6D2A71B75}.Release|x86.Build.0 = Release|Any CPU
		{831D91EA-B59C-42A8-AE56-7D60270BC703}.Debug|Any CPU.ActiveCfg = Debug|Any CPU
		{831D91EA-B59C-42A8-AE56-7D60270BC703}.Debug|Any CPU.Build.0 = Debug|Any CPU
		{831D91EA-B59C-42A8-AE56-7D60270BC703}.Debug|x64.ActiveCfg = Debug|Any CPU
		{831D91EA-B59C-42A8-AE56-7D60270BC703}.Debug|x64.Build.0 = Debug|Any CPU
		{831D91EA-B59C-42A8-AE56-7D60270BC703}.Debug|x86.ActiveCfg = Debug|Any CPU
		{831D91EA-B59C-42A8-AE56-7D60270BC703}.Debug|x86.Build.0 = Debug|Any CPU
		{831D91EA-B59C-42A8-AE56-7D60270BC703}.Release|Any CPU.ActiveCfg = Release|Any CPU
		{831D91EA-B59C-42A8-AE56-7D60270BC703}.Release|Any CPU.Build.0 = Release|Any CPU
		{831D91EA-B59C-42A8-AE56-7D60270BC703}.Release|x64.ActiveCfg = Release|Any CPU
		{831D91EA-B59C-42A8-AE56-7D60270BC703}.Release|x64.Build.0 = Release|Any CPU
		{831D91EA-B59C-42A8-AE56-7D60270BC703}.Release|x86.ActiveCfg = Release|Any CPU
		{831D91EA-B59C-42A8-AE56-7D60270BC703}.Release|x86.Build.0 = Release|Any CPU
		{5BD16DCF-1D1E-45AB-B66D-5B7F3422430E}.Debug|Any CPU.ActiveCfg = Debug|Any CPU
		{5BD16DCF-1D1E-45AB-B66D-5B7F3422430E}.Debug|Any CPU.Build.0 = Debug|Any CPU
		{5BD16DCF-1D1E-45AB-B66D-5B7F3422430E}.Debug|x64.ActiveCfg = Debug|Any CPU
		{5BD16DCF-1D1E-45AB-B66D-5B7F3422430E}.Debug|x64.Build.0 = Debug|Any CPU
		{5BD16DCF-1D1E-45AB-B66D-5B7F3422430E}.Debug|x86.ActiveCfg = Debug|Any CPU
		{5BD16DCF-1D1E-45AB-B66D-5B7F3422430E}.Debug|x86.Build.0 = Debug|Any CPU
		{5BD16DCF-1D1E-45AB-B66D-5B7F3422430E}.Release|Any CPU.ActiveCfg = Release|Any CPU
		{5BD16DCF-1D1E-45AB-B66D-5B7F3422430E}.Release|Any CPU.Build.0 = Release|Any CPU
		{5BD16DCF-1D1E-45AB-B66D-5B7F3422430E}.Release|x64.ActiveCfg = Release|Any CPU
		{5BD16DCF-1D1E-45AB-B66D-5B7F3422430E}.Release|x64.Build.0 = Release|Any CPU
		{5BD16DCF-1D1E-45AB-B66D-5B7F3422430E}.Release|x86.ActiveCfg = Release|Any CPU
		{5BD16DCF-1D1E-45AB-B66D-5B7F3422430E}.Release|x86.Build.0 = Release|Any CPU
		{848EAF52-5BCF-460F-8C31-B8A882F7106C}.Debug|Any CPU.ActiveCfg = Debug|Any CPU
		{848EAF52-5BCF-460F-8C31-B8A882F7106C}.Debug|Any CPU.Build.0 = Debug|Any CPU
		{848EAF52-5BCF-460F-8C31-B8A882F7106C}.Debug|x64.ActiveCfg = Debug|Any CPU
		{848EAF52-5BCF-460F-8C31-B8A882F7106C}.Debug|x64.Build.0 = Debug|Any CPU
		{848EAF52-5BCF-460F-8C31-B8A882F7106C}.Debug|x86.ActiveCfg = Debug|Any CPU
		{848EAF52-5BCF-460F-8C31-B8A882F7106C}.Debug|x86.Build.0 = Debug|Any CPU
		{848EAF52-5BCF-460F-8C31-B8A882F7106C}.Release|Any CPU.ActiveCfg = Release|Any CPU
		{848EAF52-5BCF-460F-8C31-B8A882F7106C}.Release|Any CPU.Build.0 = Release|Any CPU
		{848EAF52-5BCF-460F-8C31-B8A882F7106C}.Release|x64.ActiveCfg = Release|Any CPU
		{848EAF52-5BCF-460F-8C31-B8A882F7106C}.Release|x64.Build.0 = Release|Any CPU
		{848EAF52-5BCF-460F-8C31-B8A882F7106C}.Release|x86.ActiveCfg = Release|Any CPU
		{848EAF52-5BCF-460F-8C31-B8A882F7106C}.Release|x86.Build.0 = Release|Any CPU
		{5FBCCCFC-736C-4F97-B6C9-1600E33D29A7}.Debug|Any CPU.ActiveCfg = Debug|Any CPU
		{5FBCCCFC-736C-4F97-B6C9-1600E33D29A7}.Debug|Any CPU.Build.0 = Debug|Any CPU
		{5FBCCCFC-736C-4F97-B6C9-1600E33D29A7}.Debug|x64.ActiveCfg = Debug|Any CPU
		{5FBCCCFC-736C-4F97-B6C9-1600E33D29A7}.Debug|x64.Build.0 = Debug|Any CPU
		{5FBCCCFC-736C-4F97-B6C9-1600E33D29A7}.Debug|x86.ActiveCfg = Debug|Any CPU
		{5FBCCCFC-736C-4F97-B6C9-1600E33D29A7}.Debug|x86.Build.0 = Debug|Any CPU
		{5FBCCCFC-736C-4F97-B6C9-1600E33D29A7}.Release|Any CPU.ActiveCfg = Release|Any CPU
		{5FBCCCFC-736C-4F97-B6C9-1600E33D29A7}.Release|Any CPU.Build.0 = Release|Any CPU
		{5FBCCCFC-736C-4F97-B6C9-1600E33D29A7}.Release|x64.ActiveCfg = Release|Any CPU
		{5FBCCCFC-736C-4F97-B6C9-1600E33D29A7}.Release|x64.Build.0 = Release|Any CPU
		{5FBCCCFC-736C-4F97-B6C9-1600E33D29A7}.Release|x86.ActiveCfg = Release|Any CPU
		{5FBCCCFC-736C-4F97-B6C9-1600E33D29A7}.Release|x86.Build.0 = Release|Any CPU
		{58E14611-76B5-45A5-9519-12E059604C52}.Debug|Any CPU.ActiveCfg = Debug|Any CPU
		{58E14611-76B5-45A5-9519-12E059604C52}.Debug|Any CPU.Build.0 = Debug|Any CPU
		{58E14611-76B5-45A5-9519-12E059604C52}.Debug|x64.ActiveCfg = Debug|Any CPU
		{58E14611-76B5-45A5-9519-12E059604C52}.Debug|x64.Build.0 = Debug|Any CPU
		{58E14611-76B5-45A5-9519-12E059604C52}.Debug|x86.ActiveCfg = Debug|Any CPU
		{58E14611-76B5-45A5-9519-12E059604C52}.Debug|x86.Build.0 = Debug|Any CPU
		{58E14611-76B5-45A5-9519-12E059604C52}.Release|Any CPU.ActiveCfg = Release|Any CPU
		{58E14611-76B5-45A5-9519-12E059604C52}.Release|Any CPU.Build.0 = Release|Any CPU
		{58E14611-76B5-45A5-9519-12E059604C52}.Release|x64.ActiveCfg = Release|Any CPU
		{58E14611-76B5-45A5-9519-12E059604C52}.Release|x64.Build.0 = Release|Any CPU
		{58E14611-76B5-45A5-9519-12E059604C52}.Release|x86.ActiveCfg = Release|Any CPU
		{58E14611-76B5-45A5-9519-12E059604C52}.Release|x86.Build.0 = Release|Any CPU
		{E9312096-DD7A-453A-81B1-DDCD74591256}.Debug|Any CPU.ActiveCfg = Debug|Any CPU
		{E9312096-DD7A-453A-81B1-DDCD74591256}.Debug|Any CPU.Build.0 = Debug|Any CPU
		{E9312096-DD7A-453A-81B1-DDCD74591256}.Debug|x64.ActiveCfg = Debug|Any CPU
		{E9312096-DD7A-453A-81B1-DDCD74591256}.Debug|x64.Build.0 = Debug|Any CPU
		{E9312096-DD7A-453A-81B1-DDCD74591256}.Debug|x86.ActiveCfg = Debug|Any CPU
		{E9312096-DD7A-453A-81B1-DDCD74591256}.Debug|x86.Build.0 = Debug|Any CPU
		{E9312096-DD7A-453A-81B1-DDCD74591256}.Release|Any CPU.ActiveCfg = Release|Any CPU
		{E9312096-DD7A-453A-81B1-DDCD74591256}.Release|Any CPU.Build.0 = Release|Any CPU
		{E9312096-DD7A-453A-81B1-DDCD74591256}.Release|x64.ActiveCfg = Release|Any CPU
		{E9312096-DD7A-453A-81B1-DDCD74591256}.Release|x64.Build.0 = Release|Any CPU
		{E9312096-DD7A-453A-81B1-DDCD74591256}.Release|x86.ActiveCfg = Release|Any CPU
		{E9312096-DD7A-453A-81B1-DDCD74591256}.Release|x86.Build.0 = Release|Any CPU
		{0F058332-990A-4BA9-8F25-1B0C6440831B}.Debug|Any CPU.ActiveCfg = Debug|Any CPU
		{0F058332-990A-4BA9-8F25-1B0C6440831B}.Debug|Any CPU.Build.0 = Debug|Any CPU
		{0F058332-990A-4BA9-8F25-1B0C6440831B}.Debug|x64.ActiveCfg = Debug|Any CPU
		{0F058332-990A-4BA9-8F25-1B0C6440831B}.Debug|x64.Build.0 = Debug|Any CPU
		{0F058332-990A-4BA9-8F25-1B0C6440831B}.Debug|x86.ActiveCfg = Debug|Any CPU
		{0F058332-990A-4BA9-8F25-1B0C6440831B}.Debug|x86.Build.0 = Debug|Any CPU
		{0F058332-990A-4BA9-8F25-1B0C6440831B}.Release|Any CPU.ActiveCfg = Release|Any CPU
		{0F058332-990A-4BA9-8F25-1B0C6440831B}.Release|Any CPU.Build.0 = Release|Any CPU
		{0F058332-990A-4BA9-8F25-1B0C6440831B}.Release|x64.ActiveCfg = Release|Any CPU
		{0F058332-990A-4BA9-8F25-1B0C6440831B}.Release|x64.Build.0 = Release|Any CPU
		{0F058332-990A-4BA9-8F25-1B0C6440831B}.Release|x86.ActiveCfg = Release|Any CPU
		{0F058332-990A-4BA9-8F25-1B0C6440831B}.Release|x86.Build.0 = Release|Any CPU
		{89599BCE-8666-4287-978A-33D9E33DA0F7}.Debug|Any CPU.ActiveCfg = Debug|Any CPU
		{89599BCE-8666-4287-978A-33D9E33DA0F7}.Debug|Any CPU.Build.0 = Debug|Any CPU
		{89599BCE-8666-4287-978A-33D9E33DA0F7}.Debug|x64.ActiveCfg = Debug|Any CPU
		{89599BCE-8666-4287-978A-33D9E33DA0F7}.Debug|x64.Build.0 = Debug|Any CPU
		{89599BCE-8666-4287-978A-33D9E33DA0F7}.Debug|x86.ActiveCfg = Debug|Any CPU
		{89599BCE-8666-4287-978A-33D9E33DA0F7}.Debug|x86.Build.0 = Debug|Any CPU
		{89599BCE-8666-4287-978A-33D9E33DA0F7}.Release|Any CPU.ActiveCfg = Release|Any CPU
		{89599BCE-8666-4287-978A-33D9E33DA0F7}.Release|Any CPU.Build.0 = Release|Any CPU
		{89599BCE-8666-4287-978A-33D9E33DA0F7}.Release|x64.ActiveCfg = Release|Any CPU
		{89599BCE-8666-4287-978A-33D9E33DA0F7}.Release|x64.Build.0 = Release|Any CPU
		{89599BCE-8666-4287-978A-33D9E33DA0F7}.Release|x86.ActiveCfg = Release|Any CPU
		{89599BCE-8666-4287-978A-33D9E33DA0F7}.Release|x86.Build.0 = Release|Any CPU
		{CAB4452F-4E8B-4D46-82DB-DDA33D82689C}.Debug|Any CPU.ActiveCfg = Debug|Any CPU
		{CAB4452F-4E8B-4D46-82DB-DDA33D82689C}.Debug|Any CPU.Build.0 = Debug|Any CPU
		{CAB4452F-4E8B-4D46-82DB-DDA33D82689C}.Debug|x64.ActiveCfg = Debug|Any CPU
		{CAB4452F-4E8B-4D46-82DB-DDA33D82689C}.Debug|x64.Build.0 = Debug|Any CPU
		{CAB4452F-4E8B-4D46-82DB-DDA33D82689C}.Debug|x86.ActiveCfg = Debug|Any CPU
		{CAB4452F-4E8B-4D46-82DB-DDA33D82689C}.Debug|x86.Build.0 = Debug|Any CPU
		{CAB4452F-4E8B-4D46-82DB-DDA33D82689C}.Release|Any CPU.ActiveCfg = Release|Any CPU
		{CAB4452F-4E8B-4D46-82DB-DDA33D82689C}.Release|Any CPU.Build.0 = Release|Any CPU
		{CAB4452F-4E8B-4D46-82DB-DDA33D82689C}.Release|x64.ActiveCfg = Release|Any CPU
		{CAB4452F-4E8B-4D46-82DB-DDA33D82689C}.Release|x64.Build.0 = Release|Any CPU
		{CAB4452F-4E8B-4D46-82DB-DDA33D82689C}.Release|x86.ActiveCfg = Release|Any CPU
		{CAB4452F-4E8B-4D46-82DB-DDA33D82689C}.Release|x86.Build.0 = Release|Any CPU
		{6582FC99-9C1C-4FD8-AA87-67771344CADF}.Debug|Any CPU.ActiveCfg = Debug|Any CPU
		{6582FC99-9C1C-4FD8-AA87-67771344CADF}.Debug|Any CPU.Build.0 = Debug|Any CPU
		{6582FC99-9C1C-4FD8-AA87-67771344CADF}.Debug|x64.ActiveCfg = Debug|Any CPU
		{6582FC99-9C1C-4FD8-AA87-67771344CADF}.Debug|x64.Build.0 = Debug|Any CPU
		{6582FC99-9C1C-4FD8-AA87-67771344CADF}.Debug|x86.ActiveCfg = Debug|Any CPU
		{6582FC99-9C1C-4FD8-AA87-67771344CADF}.Debug|x86.Build.0 = Debug|Any CPU
		{6582FC99-9C1C-4FD8-AA87-67771344CADF}.Release|Any CPU.ActiveCfg = Release|Any CPU
		{6582FC99-9C1C-4FD8-AA87-67771344CADF}.Release|Any CPU.Build.0 = Release|Any CPU
		{6582FC99-9C1C-4FD8-AA87-67771344CADF}.Release|x64.ActiveCfg = Release|Any CPU
		{6582FC99-9C1C-4FD8-AA87-67771344CADF}.Release|x64.Build.0 = Release|Any CPU
		{6582FC99-9C1C-4FD8-AA87-67771344CADF}.Release|x86.ActiveCfg = Release|Any CPU
		{6582FC99-9C1C-4FD8-AA87-67771344CADF}.Release|x86.Build.0 = Release|Any CPU
		{307358BE-E0DB-40CF-808C-5BF647FE5724}.Debug|Any CPU.ActiveCfg = Debug|Any CPU
		{307358BE-E0DB-40CF-808C-5BF647FE5724}.Debug|Any CPU.Build.0 = Debug|Any CPU
		{307358BE-E0DB-40CF-808C-5BF647FE5724}.Debug|x64.ActiveCfg = Debug|Any CPU
		{307358BE-E0DB-40CF-808C-5BF647FE5724}.Debug|x64.Build.0 = Debug|Any CPU
		{307358BE-E0DB-40CF-808C-5BF647FE5724}.Debug|x86.ActiveCfg = Debug|Any CPU
		{307358BE-E0DB-40CF-808C-5BF647FE5724}.Debug|x86.Build.0 = Debug|Any CPU
		{307358BE-E0DB-40CF-808C-5BF647FE5724}.Release|Any CPU.ActiveCfg = Release|Any CPU
		{307358BE-E0DB-40CF-808C-5BF647FE5724}.Release|Any CPU.Build.0 = Release|Any CPU
		{307358BE-E0DB-40CF-808C-5BF647FE5724}.Release|x64.ActiveCfg = Release|Any CPU
		{307358BE-E0DB-40CF-808C-5BF647FE5724}.Release|x64.Build.0 = Release|Any CPU
		{307358BE-E0DB-40CF-808C-5BF647FE5724}.Release|x86.ActiveCfg = Release|Any CPU
		{307358BE-E0DB-40CF-808C-5BF647FE5724}.Release|x86.Build.0 = Release|Any CPU
		{42317B4A-9C45-4FCB-A5FC-FDDE2A929B52}.Debug|Any CPU.ActiveCfg = Debug|Any CPU
		{42317B4A-9C45-4FCB-A5FC-FDDE2A929B52}.Debug|Any CPU.Build.0 = Debug|Any CPU
		{42317B4A-9C45-4FCB-A5FC-FDDE2A929B52}.Debug|x64.ActiveCfg = Debug|Any CPU
		{42317B4A-9C45-4FCB-A5FC-FDDE2A929B52}.Debug|x64.Build.0 = Debug|Any CPU
		{42317B4A-9C45-4FCB-A5FC-FDDE2A929B52}.Debug|x86.ActiveCfg = Debug|Any CPU
		{42317B4A-9C45-4FCB-A5FC-FDDE2A929B52}.Debug|x86.Build.0 = Debug|Any CPU
		{42317B4A-9C45-4FCB-A5FC-FDDE2A929B52}.Release|Any CPU.ActiveCfg = Release|Any CPU
		{42317B4A-9C45-4FCB-A5FC-FDDE2A929B52}.Release|Any CPU.Build.0 = Release|Any CPU
		{42317B4A-9C45-4FCB-A5FC-FDDE2A929B52}.Release|x64.ActiveCfg = Release|Any CPU
		{42317B4A-9C45-4FCB-A5FC-FDDE2A929B52}.Release|x64.Build.0 = Release|Any CPU
		{42317B4A-9C45-4FCB-A5FC-FDDE2A929B52}.Release|x86.ActiveCfg = Release|Any CPU
		{42317B4A-9C45-4FCB-A5FC-FDDE2A929B52}.Release|x86.Build.0 = Release|Any CPU
		{4C4FE5BB-E010-4D8C-9EA2-EFD660DF71D0}.Debug|Any CPU.ActiveCfg = Debug|Any CPU
		{4C4FE5BB-E010-4D8C-9EA2-EFD660DF71D0}.Debug|Any CPU.Build.0 = Debug|Any CPU
		{4C4FE5BB-E010-4D8C-9EA2-EFD660DF71D0}.Debug|x64.ActiveCfg = Debug|Any CPU
		{4C4FE5BB-E010-4D8C-9EA2-EFD660DF71D0}.Debug|x64.Build.0 = Debug|Any CPU
		{4C4FE5BB-E010-4D8C-9EA2-EFD660DF71D0}.Debug|x86.ActiveCfg = Debug|Any CPU
		{4C4FE5BB-E010-4D8C-9EA2-EFD660DF71D0}.Debug|x86.Build.0 = Debug|Any CPU
		{4C4FE5BB-E010-4D8C-9EA2-EFD660DF71D0}.Release|Any CPU.ActiveCfg = Release|Any CPU
		{4C4FE5BB-E010-4D8C-9EA2-EFD660DF71D0}.Release|Any CPU.Build.0 = Release|Any CPU
		{4C4FE5BB-E010-4D8C-9EA2-EFD660DF71D0}.Release|x64.ActiveCfg = Release|Any CPU
		{4C4FE5BB-E010-4D8C-9EA2-EFD660DF71D0}.Release|x64.Build.0 = Release|Any CPU
		{4C4FE5BB-E010-4D8C-9EA2-EFD660DF71D0}.Release|x86.ActiveCfg = Release|Any CPU
		{4C4FE5BB-E010-4D8C-9EA2-EFD660DF71D0}.Release|x86.Build.0 = Release|Any CPU
		{371135A7-9229-4224-81E0-CC4C2A12AC43}.Debug|Any CPU.ActiveCfg = Debug|Any CPU
		{371135A7-9229-4224-81E0-CC4C2A12AC43}.Debug|Any CPU.Build.0 = Debug|Any CPU
		{371135A7-9229-4224-81E0-CC4C2A12AC43}.Debug|x64.ActiveCfg = Debug|Any CPU
		{371135A7-9229-4224-81E0-CC4C2A12AC43}.Debug|x64.Build.0 = Debug|Any CPU
		{371135A7-9229-4224-81E0-CC4C2A12AC43}.Debug|x86.ActiveCfg = Debug|Any CPU
		{371135A7-9229-4224-81E0-CC4C2A12AC43}.Debug|x86.Build.0 = Debug|Any CPU
		{371135A7-9229-4224-81E0-CC4C2A12AC43}.Release|Any CPU.ActiveCfg = Release|Any CPU
		{371135A7-9229-4224-81E0-CC4C2A12AC43}.Release|Any CPU.Build.0 = Release|Any CPU
		{371135A7-9229-4224-81E0-CC4C2A12AC43}.Release|x64.ActiveCfg = Release|Any CPU
		{371135A7-9229-4224-81E0-CC4C2A12AC43}.Release|x64.Build.0 = Release|Any CPU
		{371135A7-9229-4224-81E0-CC4C2A12AC43}.Release|x86.ActiveCfg = Release|Any CPU
		{371135A7-9229-4224-81E0-CC4C2A12AC43}.Release|x86.Build.0 = Release|Any CPU
		{CFEF8E39-73B9-49E6-B382-FE9F423ABD21}.Debug|Any CPU.ActiveCfg = Debug|Any CPU
		{CFEF8E39-73B9-49E6-B382-FE9F423ABD21}.Debug|Any CPU.Build.0 = Debug|Any CPU
		{CFEF8E39-73B9-49E6-B382-FE9F423ABD21}.Debug|x64.ActiveCfg = Debug|Any CPU
		{CFEF8E39-73B9-49E6-B382-FE9F423ABD21}.Debug|x64.Build.0 = Debug|Any CPU
		{CFEF8E39-73B9-49E6-B382-FE9F423ABD21}.Debug|x86.ActiveCfg = Debug|Any CPU
		{CFEF8E39-73B9-49E6-B382-FE9F423ABD21}.Debug|x86.Build.0 = Debug|Any CPU
		{CFEF8E39-73B9-49E6-B382-FE9F423ABD21}.Release|Any CPU.ActiveCfg = Release|Any CPU
		{CFEF8E39-73B9-49E6-B382-FE9F423ABD21}.Release|Any CPU.Build.0 = Release|Any CPU
		{CFEF8E39-73B9-49E6-B382-FE9F423ABD21}.Release|x64.ActiveCfg = Release|Any CPU
		{CFEF8E39-73B9-49E6-B382-FE9F423ABD21}.Release|x64.Build.0 = Release|Any CPU
		{CFEF8E39-73B9-49E6-B382-FE9F423ABD21}.Release|x86.ActiveCfg = Release|Any CPU
		{CFEF8E39-73B9-49E6-B382-FE9F423ABD21}.Release|x86.Build.0 = Release|Any CPU
		{7BC33B28-E42E-4B24-83A0-ED304B8B9062}.Debug|Any CPU.ActiveCfg = Debug|Any CPU
		{7BC33B28-E42E-4B24-83A0-ED304B8B9062}.Debug|Any CPU.Build.0 = Debug|Any CPU
		{7BC33B28-E42E-4B24-83A0-ED304B8B9062}.Debug|x64.ActiveCfg = Debug|Any CPU
		{7BC33B28-E42E-4B24-83A0-ED304B8B9062}.Debug|x64.Build.0 = Debug|Any CPU
		{7BC33B28-E42E-4B24-83A0-ED304B8B9062}.Debug|x86.ActiveCfg = Debug|Any CPU
		{7BC33B28-E42E-4B24-83A0-ED304B8B9062}.Debug|x86.Build.0 = Debug|Any CPU
		{7BC33B28-E42E-4B24-83A0-ED304B8B9062}.Release|Any CPU.ActiveCfg = Release|Any CPU
		{7BC33B28-E42E-4B24-83A0-ED304B8B9062}.Release|Any CPU.Build.0 = Release|Any CPU
		{7BC33B28-E42E-4B24-83A0-ED304B8B9062}.Release|x64.ActiveCfg = Release|Any CPU
		{7BC33B28-E42E-4B24-83A0-ED304B8B9062}.Release|x64.Build.0 = Release|Any CPU
		{7BC33B28-E42E-4B24-83A0-ED304B8B9062}.Release|x86.ActiveCfg = Release|Any CPU
		{7BC33B28-E42E-4B24-83A0-ED304B8B9062}.Release|x86.Build.0 = Release|Any CPU
		{7B5A91BD-EF5D-4986-80F7-C87F49CCD22E}.Debug|Any CPU.ActiveCfg = Debug|Any CPU
		{7B5A91BD-EF5D-4986-80F7-C87F49CCD22E}.Debug|Any CPU.Build.0 = Debug|Any CPU
		{7B5A91BD-EF5D-4986-80F7-C87F49CCD22E}.Debug|x64.ActiveCfg = Debug|Any CPU
		{7B5A91BD-EF5D-4986-80F7-C87F49CCD22E}.Debug|x64.Build.0 = Debug|Any CPU
		{7B5A91BD-EF5D-4986-80F7-C87F49CCD22E}.Debug|x86.ActiveCfg = Debug|Any CPU
		{7B5A91BD-EF5D-4986-80F7-C87F49CCD22E}.Debug|x86.Build.0 = Debug|Any CPU
		{7B5A91BD-EF5D-4986-80F7-C87F49CCD22E}.Release|Any CPU.ActiveCfg = Release|Any CPU
		{7B5A91BD-EF5D-4986-80F7-C87F49CCD22E}.Release|Any CPU.Build.0 = Release|Any CPU
		{7B5A91BD-EF5D-4986-80F7-C87F49CCD22E}.Release|x64.ActiveCfg = Release|Any CPU
		{7B5A91BD-EF5D-4986-80F7-C87F49CCD22E}.Release|x64.Build.0 = Release|Any CPU
		{7B5A91BD-EF5D-4986-80F7-C87F49CCD22E}.Release|x86.ActiveCfg = Release|Any CPU
		{7B5A91BD-EF5D-4986-80F7-C87F49CCD22E}.Release|x86.Build.0 = Release|Any CPU
		{EF044896-B0FE-4E99-BCF3-670DB433874D}.Debug|Any CPU.ActiveCfg = Debug|Any CPU
		{EF044896-B0FE-4E99-BCF3-670DB433874D}.Debug|Any CPU.Build.0 = Debug|Any CPU
		{EF044896-B0FE-4E99-BCF3-670DB433874D}.Debug|x64.ActiveCfg = Debug|Any CPU
		{EF044896-B0FE-4E99-BCF3-670DB433874D}.Debug|x64.Build.0 = Debug|Any CPU
		{EF044896-B0FE-4E99-BCF3-670DB433874D}.Debug|x86.ActiveCfg = Debug|Any CPU
		{EF044896-B0FE-4E99-BCF3-670DB433874D}.Debug|x86.Build.0 = Debug|Any CPU
		{EF044896-B0FE-4E99-BCF3-670DB433874D}.Release|Any CPU.ActiveCfg = Release|Any CPU
		{EF044896-B0FE-4E99-BCF3-670DB433874D}.Release|Any CPU.Build.0 = Release|Any CPU
		{EF044896-B0FE-4E99-BCF3-670DB433874D}.Release|x64.ActiveCfg = Release|Any CPU
		{EF044896-B0FE-4E99-BCF3-670DB433874D}.Release|x64.Build.0 = Release|Any CPU
		{EF044896-B0FE-4E99-BCF3-670DB433874D}.Release|x86.ActiveCfg = Release|Any CPU
		{EF044896-B0FE-4E99-BCF3-670DB433874D}.Release|x86.Build.0 = Release|Any CPU
		{3B53F5FF-E563-48FB-AB65-F05E059CB090}.Debug|Any CPU.ActiveCfg = Debug|Any CPU
		{3B53F5FF-E563-48FB-AB65-F05E059CB090}.Debug|Any CPU.Build.0 = Debug|Any CPU
		{3B53F5FF-E563-48FB-AB65-F05E059CB090}.Debug|x64.ActiveCfg = Debug|Any CPU
		{3B53F5FF-E563-48FB-AB65-F05E059CB090}.Debug|x64.Build.0 = Debug|Any CPU
		{3B53F5FF-E563-48FB-AB65-F05E059CB090}.Debug|x86.ActiveCfg = Debug|Any CPU
		{3B53F5FF-E563-48FB-AB65-F05E059CB090}.Debug|x86.Build.0 = Debug|Any CPU
		{3B53F5FF-E563-48FB-AB65-F05E059CB090}.Release|Any CPU.ActiveCfg = Release|Any CPU
		{3B53F5FF-E563-48FB-AB65-F05E059CB090}.Release|Any CPU.Build.0 = Release|Any CPU
		{3B53F5FF-E563-48FB-AB65-F05E059CB090}.Release|x64.ActiveCfg = Release|Any CPU
		{3B53F5FF-E563-48FB-AB65-F05E059CB090}.Release|x64.Build.0 = Release|Any CPU
		{3B53F5FF-E563-48FB-AB65-F05E059CB090}.Release|x86.ActiveCfg = Release|Any CPU
		{3B53F5FF-E563-48FB-AB65-F05E059CB090}.Release|x86.Build.0 = Release|Any CPU
		{8513652A-A495-4F78-8A04-D0A6A1FD0A12}.Debug|Any CPU.ActiveCfg = Debug|Any CPU
		{8513652A-A495-4F78-8A04-D0A6A1FD0A12}.Debug|Any CPU.Build.0 = Debug|Any CPU
		{8513652A-A495-4F78-8A04-D0A6A1FD0A12}.Debug|x64.ActiveCfg = Debug|Any CPU
		{8513652A-A495-4F78-8A04-D0A6A1FD0A12}.Debug|x64.Build.0 = Debug|Any CPU
		{8513652A-A495-4F78-8A04-D0A6A1FD0A12}.Debug|x86.ActiveCfg = Debug|Any CPU
		{8513652A-A495-4F78-8A04-D0A6A1FD0A12}.Debug|x86.Build.0 = Debug|Any CPU
		{8513652A-A495-4F78-8A04-D0A6A1FD0A12}.Release|Any CPU.ActiveCfg = Release|Any CPU
		{8513652A-A495-4F78-8A04-D0A6A1FD0A12}.Release|Any CPU.Build.0 = Release|Any CPU
		{8513652A-A495-4F78-8A04-D0A6A1FD0A12}.Release|x64.ActiveCfg = Release|Any CPU
		{8513652A-A495-4F78-8A04-D0A6A1FD0A12}.Release|x64.Build.0 = Release|Any CPU
		{8513652A-A495-4F78-8A04-D0A6A1FD0A12}.Release|x86.ActiveCfg = Release|Any CPU
		{8513652A-A495-4F78-8A04-D0A6A1FD0A12}.Release|x86.Build.0 = Release|Any CPU
		{D72A470D-3B6B-4EF7-97A0-1A53BB2540A1}.Debug|Any CPU.ActiveCfg = Debug|Any CPU
		{D72A470D-3B6B-4EF7-97A0-1A53BB2540A1}.Debug|Any CPU.Build.0 = Debug|Any CPU
		{D72A470D-3B6B-4EF7-97A0-1A53BB2540A1}.Debug|x64.ActiveCfg = Debug|Any CPU
		{D72A470D-3B6B-4EF7-97A0-1A53BB2540A1}.Debug|x64.Build.0 = Debug|Any CPU
		{D72A470D-3B6B-4EF7-97A0-1A53BB2540A1}.Debug|x86.ActiveCfg = Debug|Any CPU
		{D72A470D-3B6B-4EF7-97A0-1A53BB2540A1}.Debug|x86.Build.0 = Debug|Any CPU
		{D72A470D-3B6B-4EF7-97A0-1A53BB2540A1}.Release|Any CPU.ActiveCfg = Release|Any CPU
		{D72A470D-3B6B-4EF7-97A0-1A53BB2540A1}.Release|Any CPU.Build.0 = Release|Any CPU
		{D72A470D-3B6B-4EF7-97A0-1A53BB2540A1}.Release|x64.ActiveCfg = Release|Any CPU
		{D72A470D-3B6B-4EF7-97A0-1A53BB2540A1}.Release|x64.Build.0 = Release|Any CPU
		{D72A470D-3B6B-4EF7-97A0-1A53BB2540A1}.Release|x86.ActiveCfg = Release|Any CPU
		{D72A470D-3B6B-4EF7-97A0-1A53BB2540A1}.Release|x86.Build.0 = Release|Any CPU
		{9BA9183E-A295-4854-821D-B60DCC41C871}.Debug|Any CPU.ActiveCfg = Debug|Any CPU
		{9BA9183E-A295-4854-821D-B60DCC41C871}.Debug|Any CPU.Build.0 = Debug|Any CPU
		{9BA9183E-A295-4854-821D-B60DCC41C871}.Debug|x64.ActiveCfg = Debug|Any CPU
		{9BA9183E-A295-4854-821D-B60DCC41C871}.Debug|x64.Build.0 = Debug|Any CPU
		{9BA9183E-A295-4854-821D-B60DCC41C871}.Debug|x86.ActiveCfg = Debug|Any CPU
		{9BA9183E-A295-4854-821D-B60DCC41C871}.Debug|x86.Build.0 = Debug|Any CPU
		{9BA9183E-A295-4854-821D-B60DCC41C871}.Release|Any CPU.ActiveCfg = Release|Any CPU
		{9BA9183E-A295-4854-821D-B60DCC41C871}.Release|Any CPU.Build.0 = Release|Any CPU
		{9BA9183E-A295-4854-821D-B60DCC41C871}.Release|x64.ActiveCfg = Release|Any CPU
		{9BA9183E-A295-4854-821D-B60DCC41C871}.Release|x64.Build.0 = Release|Any CPU
		{9BA9183E-A295-4854-821D-B60DCC41C871}.Release|x86.ActiveCfg = Release|Any CPU
		{9BA9183E-A295-4854-821D-B60DCC41C871}.Release|x86.Build.0 = Release|Any CPU
	EndGlobalSection
	GlobalSection(SolutionProperties) = preSolution
		HideSolutionNode = FALSE
	EndGlobalSection
	GlobalSection(NestedProjects) = preSolution
		{990AD07E-8FD1-42A1-9295-85DDA56ABAAE} = {26BA22ED-BA79-47C6-BCDF-18FB8D422925}
		{FAF96521-ED50-4A1C-B58E-20597C210B82} = {8D43636B-9CF0-4D45-A7B3-6B651BD7E9D6}
		{6B8F982C-6A5F-44B4-9AD5-E269CB73312E} = {8D43636B-9CF0-4D45-A7B3-6B651BD7E9D6}
		{103AB8E5-6738-4C42-9C23-B9DBCE21B3A6} = {8D43636B-9CF0-4D45-A7B3-6B651BD7E9D6}
		{D6C3314F-2694-43A6-9D10-ACE5660B3FD9} = {8D43636B-9CF0-4D45-A7B3-6B651BD7E9D6}
		{6EBDD329-2983-41F1-A816-6BD5696BE3BF} = {8D43636B-9CF0-4D45-A7B3-6B651BD7E9D6}
		{C9A1A5A4-5046-431F-AE76-CE13080EBB6E} = {8D43636B-9CF0-4D45-A7B3-6B651BD7E9D6}
		{91E74223-3F0A-4759-8E50-11F9A918E9C4} = {8D43636B-9CF0-4D45-A7B3-6B651BD7E9D6}
		{8E055EB0-4483-49FF-BA03-07B91299DD22} = {8D43636B-9CF0-4D45-A7B3-6B651BD7E9D6}
		{98B0A884-6794-406D-B3E5-C8F02180AC9F} = {8D43636B-9CF0-4D45-A7B3-6B651BD7E9D6}
		{277FAC6D-B19C-4163-9A74-46AEC402A4A3} = {8D43636B-9CF0-4D45-A7B3-6B651BD7E9D6}
		{DE8E0813-70F9-4B48-B4A5-108839D07071} = {8D43636B-9CF0-4D45-A7B3-6B651BD7E9D6}
		{C6660D28-D7B7-4696-97CF-6AE10C0BFCB9} = {8D43636B-9CF0-4D45-A7B3-6B651BD7E9D6}
		{D4AF6486-1126-4C3C-B977-7EAF7211D626} = {8D43636B-9CF0-4D45-A7B3-6B651BD7E9D6}
		{8F4D0229-5359-4FB1-923C-3C332CFCF614} = {8D43636B-9CF0-4D45-A7B3-6B651BD7E9D6}
		{06E44FCE-0FEB-4803-AF77-8DE54636441E} = {8D43636B-9CF0-4D45-A7B3-6B651BD7E9D6}
		{8D2DFC37-F419-459C-ABAA-2FE71A623B8D} = {8D43636B-9CF0-4D45-A7B3-6B651BD7E9D6}
		{C6325483-01E1-4CC7-9B44-EE7B334E7056} = {8D43636B-9CF0-4D45-A7B3-6B651BD7E9D6}
		{F78D6BBE-D207-4519-AFB5-2ADC9E941454} = {8D43636B-9CF0-4D45-A7B3-6B651BD7E9D6}
		{A7A6D31B-D947-4E57-B058-75324C3FC591} = {8D43636B-9CF0-4D45-A7B3-6B651BD7E9D6}
		{62ACE117-F26A-4F6C-887A-38AEDBEB02C0} = {26BA22ED-BA79-47C6-BCDF-18FB8D422925}
		{4342974F-4577-4AC8-86FC-91C73792A259} = {26BA22ED-BA79-47C6-BCDF-18FB8D422925}
		{90B12E2F-641D-4E86-8527-A052650165B9} = {26BA22ED-BA79-47C6-BCDF-18FB8D422925}
		{7C30ADAE-9DCB-4204-B117-3F7CCE01E528} = {26BA22ED-BA79-47C6-BCDF-18FB8D422925}
		{0A8AD75F-F18F-48B3-AEDF-AC061695BA2B} = {26BA22ED-BA79-47C6-BCDF-18FB8D422925}
		{7A600E28-F2C5-46B5-A3BE-F7B94B202C99} = {26BA22ED-BA79-47C6-BCDF-18FB8D422925}
		{3776F0F2-8140-40A2-8FD5-5AD6D2A71B75} = {26BA22ED-BA79-47C6-BCDF-18FB8D422925}
		{831D91EA-B59C-42A8-AE56-7D60270BC703} = {26BA22ED-BA79-47C6-BCDF-18FB8D422925}
		{5BD16DCF-1D1E-45AB-B66D-5B7F3422430E} = {26BA22ED-BA79-47C6-BCDF-18FB8D422925}
		{848EAF52-5BCF-460F-8C31-B8A882F7106C} = {26BA22ED-BA79-47C6-BCDF-18FB8D422925}
		{5FBCCCFC-736C-4F97-B6C9-1600E33D29A7} = {26BA22ED-BA79-47C6-BCDF-18FB8D422925}
		{58E14611-76B5-45A5-9519-12E059604C52} = {26BA22ED-BA79-47C6-BCDF-18FB8D422925}
		{E9312096-DD7A-453A-81B1-DDCD74591256} = {26BA22ED-BA79-47C6-BCDF-18FB8D422925}
		{0F058332-990A-4BA9-8F25-1B0C6440831B} = {26BA22ED-BA79-47C6-BCDF-18FB8D422925}
		{89599BCE-8666-4287-978A-33D9E33DA0F7} = {26BA22ED-BA79-47C6-BCDF-18FB8D422925}
		{CAB4452F-4E8B-4D46-82DB-DDA33D82689C} = {26BA22ED-BA79-47C6-BCDF-18FB8D422925}
		{6582FC99-9C1C-4FD8-AA87-67771344CADF} = {26BA22ED-BA79-47C6-BCDF-18FB8D422925}
		{307358BE-E0DB-40CF-808C-5BF647FE5724} = {26BA22ED-BA79-47C6-BCDF-18FB8D422925}
		{42317B4A-9C45-4FCB-A5FC-FDDE2A929B52} = {26BA22ED-BA79-47C6-BCDF-18FB8D422925}
		{4C4FE5BB-E010-4D8C-9EA2-EFD660DF71D0} = {26BA22ED-BA79-47C6-BCDF-18FB8D422925}
		{371135A7-9229-4224-81E0-CC4C2A12AC43} = {7DFD1A79-6EC4-3439-49A5-A0CA22EA4CBE}
		{CFEF8E39-73B9-49E6-B382-FE9F423ABD21} = {7DFD1A79-6EC4-3439-49A5-A0CA22EA4CBE}
		{7BC33B28-E42E-4B24-83A0-ED304B8B9062} = {7DFD1A79-6EC4-3439-49A5-A0CA22EA4CBE}
		{7B5A91BD-EF5D-4986-80F7-C87F49CCD22E} = {7DFD1A79-6EC4-3439-49A5-A0CA22EA4CBE}
		{EF044896-B0FE-4E99-BCF3-670DB433874D} = {7DFD1A79-6EC4-3439-49A5-A0CA22EA4CBE}
		{3B53F5FF-E563-48FB-AB65-F05E059CB090} = {7DFD1A79-6EC4-3439-49A5-A0CA22EA4CBE}
		{8513652A-A495-4F78-8A04-D0A6A1FD0A12} = {7DFD1A79-6EC4-3439-49A5-A0CA22EA4CBE}
		{D72A470D-3B6B-4EF7-97A0-1A53BB2540A1} = {7DFD1A79-6EC4-3439-49A5-A0CA22EA4CBE}
		{9BA9183E-A295-4854-821D-B60DCC41C871} = {7DFD1A79-6EC4-3439-49A5-A0CA22EA4CBE}
	EndGlobalSection
	GlobalSection(ExtensibilityGlobals) = postSolution
		SolutionGuid = {976D27A7-09A9-4C7D-9A41-3F2E1875FE19}
	EndGlobalSection
EndGlobal
